
Microsoft Visual Studio Solution File, Format Version 12.00
# Visual Studio Version 17
VisualStudioVersion = 17.8.34511.84
MinimumVisualStudioVersion = 10.0.40219.1
Project("{FAE04EC0-301F-11D3-BF4B-00C04F79EFBC}") = "CalcolaSpeseMensili", "CalcolaSpeseMensili\CalcolaSpeseMensili.csproj", "{DE89D147-A7A4-4756-9BA7-9DC7F8F1BC47}"
EndProject
Global
	GlobalSection(SolutionConfigurationPlatforms) = preSolution
		Debug|Any CPU = Debug|Any CPU
		Release|Any CPU = Release|Any CPU
	EndGlobalSection
	GlobalSection(ProjectConfigurationPlatforms) = postSolution
		{DE89D147-A7A4-4756-9BA7-9DC7F8F1BC47}.Debug|Any CPU.ActiveCfg = Debug|Any CPU
		{DE89D147-A7A4-4756-9BA7-9DC7F8F1BC47}.Debug|Any CPU.Build.0 = Debug|Any CPU
		{DE89D147-A7A4-4756-9BA7-9DC7F8F1BC47}.Release|Any CPU.ActiveCfg = Release|Any CPU
		{DE89D147-A7A4-4756-9BA7-9DC7F8F1BC47}.Release|Any CPU.Build.0 = Release|Any CPU
	EndGlobalSection
	GlobalSection(SolutionProperties) = preSolution
		HideSolutionNode = FALSE
	EndGlobalSection
	GlobalSection(ExtensibilityGlobals) = postSolution
		SolutionGuid = {72F4BB93-F86B-401F-94B8-EE02013CFA5E}
	EndGlobalSection
EndGlobal
